
Microsoft Visual Studio Solution File, Format Version 12.00
# Visual Studio Version 17
VisualStudioVersion = 17.5.33424.131
MinimumVisualStudioVersion = 10.0.40219.1
Project("{9A19103F-16F7-4668-BE54-9A1E7A4F7556}") = "HTTPClient", "HTTPClient\HTTPClient.csproj", "{87A30ADE-7FF4-4E96-9C08-C4950A3E6223}"
EndProject
Project("{9A19103F-16F7-4668-BE54-9A1E7A4F7556}") = "SOAP", "SOAP\SOAP.csproj", "{0475FAB4-F908-41EA-B19C-DFEFB34B574A}"
EndProject
Project("{FAE04EC0-301F-11D3-BF4B-00C04F79EFBC}") = "Rest Sharp", "Rest Sharp\Rest Sharp.csproj", "{6492A8A8-D5D8-44DF-8D68-2A90D6FC4AA6}"
EndProject
Global
	GlobalSection(SolutionConfigurationPlatforms) = preSolution
		Debug|Any CPU = Debug|Any CPU
		Release|Any CPU = Release|Any CPU
	EndGlobalSection
	GlobalSection(ProjectConfigurationPlatforms) = postSolution
		{87A30ADE-7FF4-4E96-9C08-C4950A3E6223}.Debug|Any CPU.ActiveCfg = Debug|Any CPU
		{87A30ADE-7FF4-4E96-9C08-C4950A3E6223}.Debug|Any CPU.Build.0 = Debug|Any CPU
		{87A30ADE-7FF4-4E96-9C08-C4950A3E6223}.Release|Any CPU.ActiveCfg = Release|Any CPU
		{87A30ADE-7FF4-4E96-9C08-C4950A3E6223}.Release|Any CPU.Build.0 = Release|Any CPU
		{0475FAB4-F908-41EA-B19C-DFEFB34B574A}.Debug|Any CPU.ActiveCfg = Debug|Any CPU
		{0475FAB4-F908-41EA-B19C-DFEFB34B574A}.Debug|Any CPU.Build.0 = Debug|Any CPU
		{0475FAB4-F908-41EA-B19C-DFEFB34B574A}.Release|Any CPU.ActiveCfg = Release|Any CPU
		{0475FAB4-F908-41EA-B19C-DFEFB34B574A}.Release|Any CPU.Build.0 = Release|Any CPU
		{6492A8A8-D5D8-44DF-8D68-2A90D6FC4AA6}.Debug|Any CPU.ActiveCfg = Debug|Any CPU
		{6492A8A8-D5D8-44DF-8D68-2A90D6FC4AA6}.Debug|Any CPU.Build.0 = Debug|Any CPU
		{6492A8A8-D5D8-44DF-8D68-2A90D6FC4AA6}.Release|Any CPU.ActiveCfg = Release|Any CPU
		{6492A8A8-D5D8-44DF-8D68-2A90D6FC4AA6}.Release|Any CPU.Build.0 = Release|Any CPU
	EndGlobalSection
	GlobalSection(SolutionProperties) = preSolution
		HideSolutionNode = FALSE
	EndGlobalSection
	GlobalSection(ExtensibilityGlobals) = postSolution
		SolutionGuid = {10289FB0-1065-4EEC-9B42-FD3DD219EC86}
	EndGlobalSection
EndGlobal
